
Microsoft Visual Studio Solution File, Format Version 12.00
# Visual Studio 14
VisualStudioVersion = 14.0.25420.1
MinimumVisualStudioVersion = 10.0.40219.1
Project("{FAE04EC0-301F-11D3-BF4B-00C04F79EFBC}") = "OriRandoSeedGeneratorGUI", "OriRandoSeedGeneratorGUI\OriRandoSeedGeneratorGUI.csproj", "{FD0E8EB8-A8B1-453D-96A2-0A6E6B92498F}"
EndProject
Project("{2150E333-8FDC-42A3-9474-1A3956D46DE8}") = "Solution Items", "Solution Items", "{E6D4EC83-778D-4361-808D-29EC453298F3}"
	ProjectSection(SolutionItems) = preProject
		.gitignore = .gitignore
		README.md = README.md
	EndProjectSection
EndProject
Global
	GlobalSection(SolutionConfigurationPlatforms) = preSolution
		Debug|Any CPU = Debug|Any CPU
		Debug|x64 = Debug|x64
		Release|Any CPU = Release|Any CPU
		Release|x64 = Release|x64
	EndGlobalSection
	GlobalSection(ProjectConfigurationPlatforms) = postSolution
		{FD0E8EB8-A8B1-453D-96A2-0A6E6B92498F}.Debug|Any CPU.ActiveCfg = Debug|Any CPU
		{FD0E8EB8-A8B1-453D-96A2-0A6E6B92498F}.Debug|Any CPU.Build.0 = Debug|Any CPU
		{FD0E8EB8-A8B1-453D-96A2-0A6E6B92498F}.Debug|x64.ActiveCfg = Debug|x64
		{FD0E8EB8-A8B1-453D-96A2-0A6E6B92498F}.Debug|x64.Build.0 = Debug|x64
		{FD0E8EB8-A8B1-453D-96A2-0A6E6B92498F}.Release|Any CPU.ActiveCfg = Release|Any CPU
		{FD0E8EB8-A8B1-453D-96A2-0A6E6B92498F}.Release|Any CPU.Build.0 = Release|Any CPU
		{FD0E8EB8-A8B1-453D-96A2-0A6E6B92498F}.Release|x64.ActiveCfg = Release|x64
		{FD0E8EB8-A8B1-453D-96A2-0A6E6B92498F}.Release|x64.Build.0 = Release|x64
	EndGlobalSection
	GlobalSection(SolutionProperties) = preSolution
		HideSolutionNode = FALSE
	EndGlobalSection
EndGlobal
